Microsoft Visual Studio Solution File, Format Version 12.00
# Visual Studio Version 17
VisualStudioVersion = 17.5.2.0
MinimumVisualStudioVersion = 10.0.40219.1
Project("{FAE04EC0-301F-11D3-BF4B-00C04F79EFBC}") = "Bombadiro", "Bombadiro.csproj", "{26F26545-E5BA-2ED1-331B-35FF5864EB76}"
EndProject
Global
	GlobalSection(SolutionConfigurationPlatforms) = preSolution
		Debug|Any CPU = Debug|Any CPU
		Release|Any CPU = Release|Any CPU
	EndGlobalSection
	GlobalSection(ProjectConfigurationPlatforms) = postSolution
		{26F26545-E5BA-2ED1-331B-35FF5864EB76}.Debug|Any CPU.ActiveCfg = Debug|Any CPU
		{26F26545-E5BA-2ED1-331B-35FF5864EB76}.Debug|Any CPU.Build.0 = Debug|Any CPU
		{26F26545-E5BA-2ED1-331B-35FF5864EB76}.Release|Any CPU.ActiveCfg = Release|Any CPU
		{26F26545-E5BA-2ED1-331B-35FF5864EB76}.Release|Any CPU.Build.0 = Release|Any CPU
	EndGlobalSection
	GlobalSection(SolutionProperties) = preSolution
		HideSolutionNode = FALSE
	EndGlobalSection
	GlobalSection(ExtensibilityGlobals) = postSolution
		SolutionGuid = {F0E61FAF-3D13-4B77-863E-441D9E6C0582}
	EndGlobalSection
EndGlobal
